<?xml version="1.0" encoding="utf-8"?>
<Project ToolsVersion="4.0" xmlns="http://schemas.microsoft.com/developer/msbuild/2003">
  <ItemGroup>
    <Filter Include="Source">
      <UniqueIdentifier>{ffd9500d-a9b3-49fc-bab7-fdb2a9563898}</UniqueIdentifier>
    </Filter>
    <Filter Include="Source\enemies">
      <UniqueIdentifier>{3f1b0a3e-9920-4538-9f63-7b7f9c3ba933}</UniqueIdentifier>
    </Filter>
    <Filter Include="Source\enemies\bosses">
      <UniqueIdentifier>{3d2b006d-71b3-4dae-ae68-c85f0ad1123b}</UniqueIdentifier>
    </Filter>
    <Filter Include="Source\gui">
      <UniqueIdentifier>{cff481f4-c23e-4713-8bda-0b565116745b}</UniqueIdentifier>
    </Filter>
    <Filter Include="Source\user">
      <UniqueIdentifier>{0cecd735-be70-4c78-8bbf-f02af83b5175}</UniqueIdentifier>
    </Filter>
    <Filter Include="Source\objects">
      <UniqueIdentifier>{661a5cd5-3396-4114-915a-4f9cd190cca1}</UniqueIdentifier>
    </Filter>
    <Filter Include="Source\overworld">
      <UniqueIdentifier>{8620d905-a06a-48f9-ad97-58060c7abcb3}</UniqueIdentifier>
    </Filter>
    <Filter Include="Source\video">
      <UniqueIdentifier>{cda73ff4-91ae-4c0d-a524-38eedbdddf69}</UniqueIdentifier>
    </Filter>
    <Filter Include="Source\input">
      <UniqueIdentifier>{60049480-fdc7-4e72-96b4-58f9f3f1848d}</UniqueIdentifier>
    </Filter>
    <Filter Include="Source\level">
      <UniqueIdentifier>{76d56ec0-deac-4dca-8f79-7a314fb8ba4f}</UniqueIdentifier>
    </Filter>
    <Filter Include="Source\core">
      <UniqueIdentifier>{d215e9f5-01ac-46c6-bc7f-be76c6e7bd68}</UniqueIdentifier>
    </Filter>
    <Filter Include="Source\core\math">
      <UniqueIdentifier>{2ce708c1-7de2-4bba-b699-9875ab96f8db}</UniqueIdentifier>
    </Filter>
    <Filter Include="Source\core\filesystem">
      <UniqueIdentifier>{f13d4d97-9908-4aa5-9d69-d1c9778a8d12}</UniqueIdentifier>
    </Filter>
    <Filter Include="Source\audio">
      <UniqueIdentifier>{32317424-24a8-404f-a765-5a21730e40fc}</UniqueIdentifier>
    </Filter>
    <Filter Include="Ressourcen">
      <UniqueIdentifier>{fbaadba3-db2f-498f-ab62-682177bcbdff}</UniqueIdentifier>
      <Extensions>ico;cur;bmp;dlg;rc2;rct;bin;rgs;gif;jpg;jpeg;jpe</Extensions>
    </Filter>
  </ItemGroup>
  <ItemGroup>
    <ClCompile Include="..\..\src\enemies\eato.cpp">
      <Filter>Source\enemies</Filter>
    </ClCompile>
    <ClCompile Include="..\..\src\enemies\enemy.cpp">
      <Filter>Source\enemies</Filter>
    </ClCompile>
    <ClCompile Include="..\..\src\enemies\flyon.cpp">
      <Filter>Source\enemies</Filter>
    </ClCompile>
    <ClCompile Include="..\..\src\enemies\furball.cpp">
      <Filter>Source\enemies</Filter>
    </ClCompile>
    <ClCompile Include="..\..\src\enemies\gee.cpp">
      <Filter>Source\enemies</Filter>
    </ClCompile>
    <ClCompile Include="..\..\src\enemies\krush.cpp">
      <Filter>Source\enemies</Filter>
    </ClCompile>
    <ClCompile Include="..\..\src\enemies\rokko.cpp">
      <Filter>Source\enemies</Filter>
    </ClCompile>
    <ClCompile Include="..\..\src\enemies\spika.cpp">
      <Filter>Source\enemies</Filter>
    </ClCompile>
    <ClCompile Include="..\..\src\enemies\spikeball.cpp">
      <Filter>Source\enemies</Filter>
    </ClCompile>
    <ClCompile Include="..\..\src\enemies\static.cpp">
      <Filter>Source\enemies</Filter>
    </ClCompile>
    <ClCompile Include="..\..\src\enemies\thromp.cpp">
      <Filter>Source\enemies</Filter>
    </ClCompile>
    <ClCompile Include="..\..\src\enemies\turtle.cpp">
      <Filter>Source\enemies</Filter>
    </ClCompile>
    <ClCompile Include="..\..\src\enemies\bosses\turtle_boss.cpp">
      <Filter>Source\enemies\bosses</Filter>
    </ClCompile>
    <ClCompile Include="..\..\src\gui\generic.cpp">
      <Filter>Source\gui</Filter>
    </ClCompile>
    <ClCompile Include="..\..\src\gui\hud.cpp">
      <Filter>Source\gui</Filter>
    </ClCompile>
    <ClCompile Include="..\..\src\gui\menu.cpp">
      <Filter>Source\gui</Filter>
    </ClCompile>
    <ClCompile Include="..\..\src\gui\menu_data.cpp">
      <Filter>Source\gui</Filter>
    </ClCompile>
    <ClCompile Include="..\..\src\gui\spinner.cpp">
      <Filter>Source\gui</Filter>
    </ClCompile>
    <ClCompile Include="..\..\src\user\preferences.cpp">
      <Filter>Source\user</Filter>
    </ClCompile>
    <ClCompile Include="..\..\src\user\savegame.cpp">
      <Filter>Source\user</Filter>
    </ClCompile>
    <ClCompile Include="..\..\src\objects\animated_sprite.cpp">
      <Filter>Source\objects</Filter>
    </ClCompile>
    <ClCompile Include="..\..\src\objects\ball.cpp">
      <Filter>Source\objects</Filter>
    </ClCompile>
    <ClCompile Include="..\..\src\objects\bonusbox.cpp">
      <Filter>Source\objects</Filter>
    </ClCompile>
    <ClCompile Include="..\..\src\objects\box.cpp">
      <Filter>Source\objects</Filter>
    </ClCompile>
    <ClCompile Include="..\..\src\objects\enemystopper.cpp">
      <Filter>Source\objects</Filter>
    </ClCompile>
    <ClCompile Include="..\..\src\objects\goldpiece.cpp">
      <Filter>Source\objects</Filter>
    </ClCompile>
    <ClCompile Include="..\..\src\objects\level_entry.cpp">
      <Filter>Source\objects</Filter>
    </ClCompile>
    <ClCompile Include="..\..\src\objects\level_exit.cpp">
      <Filter>Source\objects</Filter>
    </ClCompile>
    <ClCompile Include="..\..\src\objects\moving_platform.cpp">
      <Filter>Source\objects</Filter>
    </ClCompile>
    <ClCompile Include="..\..\src\objects\movingsprite.cpp">
      <Filter>Source\objects</Filter>
    </ClCompile>
    <ClCompile Include="..\..\src\objects\path.cpp">
      <Filter>Source\objects</Filter>
    </ClCompile>
    <ClCompile Include="..\..\src\objects\powerup.cpp">
      <Filter>Source\objects</Filter>
    </ClCompile>
    <ClCompile Include="..\..\src\objects\spinbox.cpp">
      <Filter>Source\objects</Filter>
    </ClCompile>
    <ClCompile Include="..\..\src\objects\sprite.cpp">
      <Filter>Source\objects</Filter>
    </ClCompile>
    <ClCompile Include="..\..\src\objects\star.cpp">
      <Filter>Source\objects</Filter>
    </ClCompile>
    <ClCompile Include="..\..\src\objects\text_box.cpp">
      <Filter>Source\objects</Filter>
    </ClCompile>
    <ClCompile Include="..\..\src\overworld\overworld.cpp">
      <Filter>Source\overworld</Filter>
    </ClCompile>
    <ClCompile Include="..\..\src\overworld\world_editor.cpp">
      <Filter>Source\overworld</Filter>
    </ClCompile>
    <ClCompile Include="..\..\src\overworld\world_layer.cpp">
      <Filter>Source\overworld</Filter>
    </ClCompile>
    <ClCompile Include="..\..\src\overworld\world_manager.cpp">
      <Filter>Source\overworld</Filter>
    </ClCompile>
    <ClCompile Include="..\..\src\overworld\world_player.cpp">
      <Filter>Source\overworld</Filter>
    </ClCompile>
    <ClCompile Include="..\..\src\overworld\world_sprite_manager.cpp">
      <Filter>Source\overworld</Filter>
    </ClCompile>
    <ClCompile Include="..\..\src\overworld\world_waypoint.cpp">
      <Filter>Source\overworld</Filter>
    </ClCompile>
    <ClCompile Include="..\..\src\video\animation.cpp">
      <Filter>Source\video</Filter>
    </ClCompile>
    <ClCompile Include="..\..\src\video\font.cpp">
      <Filter>Source\video</Filter>
    </ClCompile>
    <ClCompile Include="..\..\src\video\gl_surface.cpp">
      <Filter>Source\video</Filter>
    </ClCompile>
    <ClCompile Include="..\..\src\video\img_manager.cpp">
      <Filter>Source\video</Filter>
    </ClCompile>
    <ClCompile Include="..\..\src\video\img_settings.cpp">
      <Filter>Source\video</Filter>
    </ClCompile>
    <ClCompile Include="..\..\src\video\renderer.cpp">
      <Filter>Source\video</Filter>
    </ClCompile>
    <ClCompile Include="..\..\src\video\video.cpp">
      <Filter>Source\video</Filter>
    </ClCompile>
    <ClCompile Include="..\..\src\input\keyboard.cpp">
      <Filter>Source\input</Filter>
    </ClCompile>
    <ClCompile Include="..\..\src\input\mouse.cpp">
      <Filter>Source\input</Filter>
    </ClCompile>
    <ClCompile Include="..\..\src\level\level.cpp">
      <Filter>Source\level</Filter>
    </ClCompile>
    <ClCompile Include="..\..\src\level\level_background.cpp">
      <Filter>Source\level</Filter>
    </ClCompile>
    <ClCompile Include="..\..\src\level\level_editor.cpp">
      <Filter>Source\level</Filter>
    </ClCompile>
    <ClCompile Include="..\..\src\level\level_manager.cpp">
      <Filter>Source\level</Filter>
    </ClCompile>
    <ClCompile Include="..\..\src\level\level_player.cpp">
      <Filter>Source\level</Filter>
    </ClCompile>
    <ClCompile Include="..\..\src\level\level_settings.cpp">
      <Filter>Source\level</Filter>
    </ClCompile>
    <ClCompile Include="..\..\src\core\camera.cpp">
      <Filter>Source\core</Filter>
    </ClCompile>
    <ClCompile Include="..\..\src\core\campaign_manager.cpp">
      <Filter>Source\core</Filter>
    </ClCompile>
    <ClCompile Include="..\..\src\core\collision.cpp">
      <Filter>Source\core</Filter>
    </ClCompile>
    <ClCompile Include="..\..\src\core\editor.cpp">
      <Filter>Source\core</Filter>
    </ClCompile>
    <ClCompile Include="..\..\src\core\file_parser.cpp">
      <Filter>Source\core</Filter>
    </ClCompile>
    <ClCompile Include="..\..\src\core\framerate.cpp">
      <Filter>Source\core</Filter>
    </ClCompile>
    <ClCompile Include="..\..\src\core\game_core.cpp">
      <Filter>Source\core</Filter>
    </ClCompile>
    <ClCompile Include="..\..\src\core\i18n.cpp">
      <Filter>Source\core</Filter>
    </ClCompile>
    <ClCompile Include="..\..\src\core\main.cpp">
      <Filter>Source\core</Filter>
    </ClCompile>
    <ClCompile Include="..\..\src\core\property_helper.cpp">
      <Filter>Source\core</Filter>
    </ClCompile>
    <ClCompile Include="..\..\src\core\sprite_manager.cpp">
      <Filter>Source\core</Filter>
    </ClCompile>
    <ClCompile Include="..\..\src\core\math\utilities.cpp">
      <Filter>Source\core\math</Filter>
    </ClCompile>
    <ClCompile Include="..\..\src\core\math\vector.cpp">
      <Filter>Source\core\math</Filter>
    </ClCompile>
    <ClCompile Include="..\..\src\core\filesystem\filesystem.cpp">
      <Filter>Source\core\filesystem</Filter>
    </ClCompile>
    <ClCompile Include="..\..\src\core\filesystem\resource_manager.cpp">
      <Filter>Source\core\filesystem</Filter>
    </ClCompile>
    <ClCompile Include="..\..\src\audio\audio.cpp">
      <Filter>Source\audio</Filter>
    </ClCompile>
    <ClCompile Include="..\..\src\audio\random_sound.cpp">
      <Filter>Source\audio</Filter>
    </ClCompile>
    <ClCompile Include="..\..\src\audio\sound_manager.cpp">
      <Filter>Source\audio</Filter>
    </ClCompile>
    <ClCompile Include="..\..\src\input\joystick.cpp">
      <Filter>Source\input</Filter>
    </ClCompile>
    <ClCompile Include="..\..\src\video\mygl.cpp">
      <Filter>Source\video</Filter>
    </ClCompile>
    <ClCompile Include="..\..\src\video\eglport.c">
      <Filter>Source\video</Filter>
    </ClCompile>
    <ClCompile Include="..\..\src\platform_util.cpp">
      <Filter>Source</Filter>
    </ClCompile>
  </ItemGroup>
  <ItemGroup>
    <ClInclude Include="..\..\src\enemies\eato.h">
      <Filter>Source\enemies</Filter>
    </ClInclude>
    <ClInclude Include="..\..\src\enemies\enemy.h">
      <Filter>Source\enemies</Filter>
    </ClInclude>
    <ClInclude Include="..\..\src\enemies\flyon.h">
      <Filter>Source\enemies</Filter>
    </ClInclude>
    <ClInclude Include="..\..\src\enemies\furball.h">
      <Filter>Source\enemies</Filter>
    </ClInclude>
    <ClInclude Include="..\..\src\enemies\gee.h">
      <Filter>Source\enemies</Filter>
    </ClInclude>
    <ClInclude Include="..\..\src\enemies\krush.h">
      <Filter>Source\enemies</Filter>
    </ClInclude>
    <ClInclude Include="..\..\src\enemies\rokko.h">
      <Filter>Source\enemies</Filter>
    </ClInclude>
    <ClInclude Include="..\..\src\enemies\spika.h">
      <Filter>Source\enemies</Filter>
    </ClInclude>
    <ClInclude Include="..\..\src\enemies\spikeball.h">
      <Filter>Source\enemies</Filter>
    </ClInclude>
    <ClInclude Include="..\..\src\enemies\static.h">
      <Filter>Source\enemies</Filter>
    </ClInclude>
    <ClInclude Include="..\..\src\enemies\thromp.h">
      <Filter>Source\enemies</Filter>
    </ClInclude>
    <ClInclude Include="..\..\src\enemies\turtle.h">
      <Filter>Source\enemies</Filter>
    </ClInclude>
    <ClInclude Include="..\..\src\enemies\bosses\turtle_boss.h">
      <Filter>Source\enemies\bosses</Filter>
    </ClInclude>
    <ClInclude Include="..\..\src\gui\generic.h">
      <Filter>Source\gui</Filter>
    </ClInclude>
    <ClInclude Include="..\..\src\gui\hud.h">
      <Filter>Source\gui</Filter>
    </ClInclude>
    <ClInclude Include="..\..\src\gui\menu.h">
      <Filter>Source\gui</Filter>
    </ClInclude>
    <ClInclude Include="..\..\src\gui\menu_data.h">
      <Filter>Source\gui</Filter>
    </ClInclude>
    <ClInclude Include="..\..\src\gui\spinner.h">
      <Filter>Source\gui</Filter>
    </ClInclude>
    <ClInclude Include="..\..\src\user\preferences.h">
      <Filter>Source\user</Filter>
    </ClInclude>
    <ClInclude Include="..\..\src\user\savegame.h">
      <Filter>Source\user</Filter>
    </ClInclude>
    <ClInclude Include="..\..\src\objects\animated_sprite.h">
      <Filter>Source\objects</Filter>
    </ClInclude>
    <ClInclude Include="..\..\src\objects\ball.h">
      <Filter>Source\objects</Filter>
    </ClInclude>
    <ClInclude Include="..\..\src\objects\bonusbox.h">
      <Filter>Source\objects</Filter>
    </ClInclude>
    <ClInclude Include="..\..\src\objects\box.h">
      <Filter>Source\objects</Filter>
    </ClInclude>
    <ClInclude Include="..\..\src\objects\enemystopper.h">
      <Filter>Source\objects</Filter>
    </ClInclude>
    <ClInclude Include="..\..\src\objects\goldpiece.h">
      <Filter>Source\objects</Filter>
    </ClInclude>
    <ClInclude Include="..\..\src\objects\level_entry.h">
      <Filter>Source\objects</Filter>
    </ClInclude>
    <ClInclude Include="..\..\src\objects\level_exit.h">
      <Filter>Source\objects</Filter>
    </ClInclude>
    <ClInclude Include="..\..\src\objects\moving_platform.h">
      <Filter>Source\objects</Filter>
    </ClInclude>
    <ClInclude Include="..\..\src\objects\movingsprite.h">
      <Filter>Source\objects</Filter>
    </ClInclude>
    <ClInclude Include="..\..\src\objects\path.h">
      <Filter>Source\objects</Filter>
    </ClInclude>
    <ClInclude Include="..\..\src\objects\powerup.h">
      <Filter>Source\objects</Filter>
    </ClInclude>
    <ClInclude Include="..\..\src\objects\spinbox.h">
      <Filter>Source\objects</Filter>
    </ClInclude>
    <ClInclude Include="..\..\src\objects\sprite.h">
      <Filter>Source\objects</Filter>
    </ClInclude>
    <ClInclude Include="..\..\src\objects\star.h">
      <Filter>Source\objects</Filter>
    </ClInclude>
    <ClInclude Include="..\..\src\objects\text_box.h">
      <Filter>Source\objects</Filter>
    </ClInclude>
    <ClInclude Include="..\..\src\overworld\overworld.h">
      <Filter>Source\overworld</Filter>
    </ClInclude>
    <ClInclude Include="..\..\src\overworld\world_editor.h">
      <Filter>Source\overworld</Filter>
    </ClInclude>
    <ClInclude Include="..\..\src\overworld\world_layer.h">
      <Filter>Source\overworld</Filter>
    </ClInclude>
    <ClInclude Include="..\..\src\overworld\world_manager.h">
      <Filter>Source\overworld</Filter>
    </ClInclude>
    <ClInclude Include="..\..\src\overworld\world_player.h">
      <Filter>Source\overworld</Filter>
    </ClInclude>
    <ClInclude Include="..\..\src\overworld\world_sprite_manager.h">
      <Filter>Source\overworld</Filter>
    </ClInclude>
    <ClInclude Include="..\..\src\overworld\world_waypoint.h">
      <Filter>Source\overworld</Filter>
    </ClInclude>
    <ClInclude Include="..\..\src\video\animation.h">
      <Filter>Source\video</Filter>
    </ClInclude>
    <ClInclude Include="..\..\src\video\color.h">
      <Filter>Source\video</Filter>
    </ClInclude>
    <ClInclude Include="..\..\src\video\font.h">
      <Filter>Source\video</Filter>
    </ClInclude>
    <ClInclude Include="..\..\src\video\gl_surface.h">
      <Filter>Source\video</Filter>
    </ClInclude>
    <ClInclude Include="..\..\src\video\img_manager.h">
      <Filter>Source\video</Filter>
    </ClInclude>
    <ClInclude Include="..\..\src\video\img_settings.h">
      <Filter>Source\video</Filter>
    </ClInclude>
    <ClInclude Include="..\..\src\video\renderer.h">
      <Filter>Source\video</Filter>
    </ClInclude>
    <ClInclude Include="..\..\src\video\video.h">
      <Filter>Source\video</Filter>
    </ClInclude>
    <ClInclude Include="..\..\src\input\keyboard.h">
      <Filter>Source\input</Filter>
    </ClInclude>
    <ClInclude Include="..\..\src\input\mouse.h">
      <Filter>Source\input</Filter>
    </ClInclude>
    <ClInclude Include="..\..\src\level\level.h">
      <Filter>Source\level</Filter>
    </ClInclude>
    <ClInclude Include="..\..\src\level\level_background.h">
      <Filter>Source\level</Filter>
    </ClInclude>
    <ClInclude Include="..\..\src\level\level_editor.h">
      <Filter>Source\level</Filter>
    </ClInclude>
    <ClInclude Include="..\..\src\level\level_manager.h">
      <Filter>Source\level</Filter>
    </ClInclude>
    <ClInclude Include="..\..\src\level\level_player.h">
      <Filter>Source\level</Filter>
    </ClInclude>
    <ClInclude Include="..\..\src\level\level_settings.h">
      <Filter>Source\level</Filter>
    </ClInclude>
    <ClInclude Include="..\..\src\core\camera.h">
      <Filter>Source\core</Filter>
    </ClInclude>
    <ClInclude Include="..\..\src\core\campaign_manager.h">
      <Filter>Source\core</Filter>
    </ClInclude>
    <ClInclude Include="..\..\src\core\collision.h">
      <Filter>Source\core</Filter>
    </ClInclude>
    <ClInclude Include="..\..\src\core\editor.h">
      <Filter>Source\core</Filter>
    </ClInclude>
    <ClInclude Include="..\..\src\core\file_parser.h">
      <Filter>Source\core</Filter>
    </ClInclude>
    <ClInclude Include="..\..\src\core\framerate.h">
      <Filter>Source\core</Filter>
    </ClInclude>
    <ClInclude Include="..\..\src\core\game_core.h">
      <Filter>Source\core</Filter>
    </ClInclude>
    <ClInclude Include="..\..\src\core\global_basic.h">
      <Filter>Source\core</Filter>
    </ClInclude>
    <ClInclude Include="..\..\src\core\global_game.h">
      <Filter>Source\core</Filter>
    </ClInclude>
    <ClInclude Include="..\..\src\core\i18n.h">
      <Filter>Source\core</Filter>
    </ClInclude>
    <ClInclude Include="..\..\src\core\main.h">
      <Filter>Source\core</Filter>
    </ClInclude>
    <ClInclude Include="..\..\src\core\obj_manager.h">
      <Filter>Source\core</Filter>
    </ClInclude>
    <ClInclude Include="..\..\src\core\property_helper.h">
      <Filter>Source\core</Filter>
    </ClInclude>
    <ClInclude Include="..\..\src\core\sprite_manager.h">
      <Filter>Source\core</Filter>
    </ClInclude>
    <ClInclude Include="..\..\src\core\math\line.h">
      <Filter>Source\core\math</Filter>
    </ClInclude>
    <ClInclude Include="..\..\src\core\math\point.h">
      <Filter>Source\core\math</Filter>
    </ClInclude>
    <ClInclude Include="..\..\src\core\math\rect.h">
      <Filter>Source\core\math</Filter>
    </ClInclude>
    <ClInclude Include="..\..\src\core\math\size.h">
      <Filter>Source\core\math</Filter>
    </ClInclude>
    <ClInclude Include="..\..\src\core\math\utilities.h">
      <Filter>Source\core\math</Filter>
    </ClInclude>
    <ClInclude Include="..\..\src\core\math\vector.h">
      <Filter>Source\core\math</Filter>
    </ClInclude>
    <ClInclude Include="..\..\src\core\filesystem\filesystem.h">
      <Filter>Source\core\filesystem</Filter>
    </ClInclude>
    <ClInclude Include="..\..\src\core\filesystem\resource_manager.h">
      <Filter>Source\core\filesystem</Filter>
    </ClInclude>
    <ClInclude Include="..\..\src\audio\audio.h">
      <Filter>Source\audio</Filter>
    </ClInclude>
    <ClInclude Include="..\..\src\audio\random_sound.h">
      <Filter>Source\audio</Filter>
    </ClInclude>
    <ClInclude Include="..\..\src\audio\sound_manager.h">
      <Filter>Source\audio</Filter>
    </ClInclude>
    <ClInclude Include="resource.h">
      <Filter>Ressourcen</Filter>
    </ClInclude>
    <ClInclude Include="..\..\src\input\joystick.h">
      <Filter>Source\input</Filter>
    </ClInclude>
    <ClInclude Include="..\..\src\video\mygl.h">
      <Filter>Source\video</Filter>
    </ClInclude>
    <ClInclude Include="..\..\src\video\eglport.h">
      <Filter>Source\video</Filter>
    </ClInclude>
    <ClInclude Include="..\..\src\platform_util.h">
      <Filter>Source</Filter>
    </ClInclude>
  </ItemGroup>
  <ItemGroup>
    <None Include="idr_main.ico">
      <Filter>Ressourcen</Filter>
    </None>
  </ItemGroup>
  <ItemGroup>
    <ResourceCompile Include="Skript.rc">
      <Filter>Ressourcen</Filter>
    </ResourceCompile>
  </ItemGroup>
</Project>