Microsoft Visual Studio Solution File, Format Version 11.00
# Visual Studio 2010
Project("{8BC9CEB8-8B4A-11D0-8D11-00A0C91BC942}") = "SDL_mixer", "..\..\..\..\3rdframework\sdl_mixer\VisualC\SDL_mixer.vcxproj", "{F7E944B3-0815-40CD-B3E4-90B2A15B0E33}"
EndProject
Project("{8BC9CEB8-8B4A-11D0-8D11-00A0C91BC942}") = "SDL", "..\..\..\..\3rdframework\sdl\VisualC\SDL\SDL_VS2010.vcxproj", "{81CE8DAF-EBB2-4761-8E45-B71ABCCA8C68}"
EndProject
Project("{8BC9CEB8-8B4A-11D0-8D11-00A0C91BC942}") = "CEGUIBase", "..\..\..\..\3rdframework\CEGUI-0.7.5\projects\premake\BaseSystem\CEGUIBase.vcxproj", "{8FE73E8D-C7BA-9C4B-9301-0D6C14E8B0A5}"
EndProject
Project("{8BC9CEB8-8B4A-11D0-8D11-00A0C91BC942}") = "freetype", "..\..\..\..\3rdframework\freetype\builds\win32\vc2010\freetype.vcxproj", "{78B079BD-9FC7-4B9E-B4A6-96DA0F00248B}"
EndProject
Project("{8BC9CEB8-8B4A-11D0-8D11-00A0C91BC942}") = "Secret Maryo Chronicles", "Secret Maryo Chronicles.vcxproj", "{5E7D1C94-CCF2-48D5-8F9C-ED46C95228A4}"
EndProject
Project("{8BC9CEB8-8B4A-11D0-8D11-00A0C91BC942}") = "CEGUIOpenGLRenderer", "..\..\..\..\3rdframework\CEGUI-0.7.5\projects\premake\RendererModules\OpenGL\CEGUIOpenGLRenderer.vcxproj", "{D5F3ED02-3478-2047-83D1-1133AE50FA6D}"
EndProject
Project("{8BC9CEB8-8B4A-11D0-8D11-00A0C91BC942}") = "zlib", "..\..\..\..\3rdframework\zlib\projects\visualc6\zlib.vcxproj", "{66379AE3-B04D-2A19-7ADB-57343610DD2B}"
EndProject
Project("{8BC9CEB8-8B4A-11D0-8D11-00A0C91BC942}") = "smpeg", "..\..\..\..\3rdframework\smpeg\VisualC\smpeg.vcxproj", "{3585B99B-15E9-5451-8BCA-96B403703D3D}"
EndProject
Global
	GlobalSection(SolutionConfigurationPlatforms) = preSolution
		Debug Multithreaded|Win32 = Debug Multithreaded|Win32
		Debug Multithreaded|x64 = Debug Multithreaded|x64
		Debug Singlethreaded|Win32 = Debug Singlethreaded|Win32
		Debug Singlethreaded|x64 = Debug Singlethreaded|x64
		Debug_Static|Win32 = Debug_Static|Win32
		Debug_Static|x64 = Debug_Static|x64
		Debug|Win32 = Debug|Win32
		Debug|x64 = Debug|x64
		DLL ASM Debug|Win32 = DLL ASM Debug|Win32
		DLL ASM Debug|x64 = DLL ASM Debug|x64
		DLL ASM Release|Win32 = DLL ASM Release|Win32
		DLL ASM Release|x64 = DLL ASM Release|x64
		DLL Debug|Win32 = DLL Debug|Win32
		DLL Debug|x64 = DLL Debug|x64
		DLL Release|Win32 = DLL Release|Win32
		DLL Release|x64 = DLL Release|x64
		LIB ASM Debug|Win32 = LIB ASM Debug|Win32
		LIB ASM Debug|x64 = LIB ASM Debug|x64
		LIB ASM Release|Win32 = LIB ASM Release|Win32
		LIB ASM Release|x64 = LIB ASM Release|x64
		LIB Debug|Win32 = LIB Debug|Win32
		LIB Debug|x64 = LIB Debug|x64
		LIB Release|Win32 = LIB Release|Win32
		LIB Release|x64 = LIB Release|x64
		Mixed|Win32 = Mixed|Win32
		Mixed|x64 = Mixed|x64
		Release Multithreaded|Win32 = Release Multithreaded|Win32
		Release Multithreaded|x64 = Release Multithreaded|x64
		Release Singlethreaded|Win32 = Release Singlethreaded|Win32
		Release Singlethreaded|x64 = Release Singlethreaded|x64
		Release_Static|Win32 = Release_Static|Win32
		Release_Static|x64 = Release_Static|x64
		Release|Win32 = Release|Win32
		Release|x64 = Release|x64
		ReleaseWithSymbols|Win32 = ReleaseWithSymbols|Win32
		ReleaseWithSymbols|x64 = ReleaseWithSymbols|x64
		Template|Win32 = Template|Win32
		Template|x64 = Template|x64
	EndGlobalSection
	GlobalSection(ProjectConfigurationPlatforms) = postSolution
		{F7E944B3-0815-40CD-B3E4-90B2A15B0E33}.Debug Multithreaded|Win32.ActiveCfg = Debug|x64
		{F7E944B3-0815-40CD-B3E4-90B2A15B0E33}.Debug Multithreaded|x64.ActiveCfg = Debug|x64
		{F7E944B3-0815-40CD-B3E4-90B2A15B0E33}.Debug Multithreaded|x64.Build.0 = Debug|x64
		{F7E944B3-0815-40CD-B3E4-90B2A15B0E33}.Debug Singlethreaded|Win32.ActiveCfg = Debug|x64
		{F7E944B3-0815-40CD-B3E4-90B2A15B0E33}.Debug Singlethreaded|x64.ActiveCfg = Debug|x64
		{F7E944B3-0815-40CD-B3E4-90B2A15B0E33}.Debug Singlethreaded|x64.Build.0 = Debug|x64
		{F7E944B3-0815-40CD-B3E4-90B2A15B0E33}.Debug_Static|Win32.ActiveCfg = Debug|x64
		{F7E944B3-0815-40CD-B3E4-90B2A15B0E33}.Debug_Static|x64.ActiveCfg = Debug|x64
		{F7E944B3-0815-40CD-B3E4-90B2A15B0E33}.Debug_Static|x64.Build.0 = Debug|x64
		{F7E944B3-0815-40CD-B3E4-90B2A15B0E33}.Debug|Win32.ActiveCfg = Debug|Win32
		{F7E944B3-0815-40CD-B3E4-90B2A15B0E33}.Debug|Win32.Build.0 = Debug|Win32
		{F7E944B3-0815-40CD-B3E4-90B2A15B0E33}.Debug|x64.ActiveCfg = Debug|x64
		{F7E944B3-0815-40CD-B3E4-90B2A15B0E33}.Debug|x64.Build.0 = Debug|x64
		{F7E944B3-0815-40CD-B3E4-90B2A15B0E33}.DLL ASM Debug|Win32.ActiveCfg = Debug|Win32
		{F7E944B3-0815-40CD-B3E4-90B2A15B0E33}.DLL ASM Debug|Win32.Build.0 = Debug|Win32
		{F7E944B3-0815-40CD-B3E4-90B2A15B0E33}.DLL ASM Debug|x64.ActiveCfg = Debug|x64
		{F7E944B3-0815-40CD-B3E4-90B2A15B0E33}.DLL ASM Debug|x64.Build.0 = Debug|x64
		{F7E944B3-0815-40CD-B3E4-90B2A15B0E33}.DLL ASM Release|Win32.ActiveCfg = Release|Win32
		{F7E944B3-0815-40CD-B3E4-90B2A15B0E33}.DLL ASM Release|Win32.Build.0 = Release|Win32
		{F7E944B3-0815-40CD-B3E4-90B2A15B0E33}.DLL ASM Release|x64.ActiveCfg = Release|x64
		{F7E944B3-0815-40CD-B3E4-90B2A15B0E33}.DLL ASM Release|x64.Build.0 = Release|x64
		{F7E944B3-0815-40CD-B3E4-90B2A15B0E33}.DLL Debug|Win32.ActiveCfg = Debug|Win32
		{F7E944B3-0815-40CD-B3E4-90B2A15B0E33}.DLL Debug|Win32.Build.0 = Debug|Win32
		{F7E944B3-0815-40CD-B3E4-90B2A15B0E33}.DLL Debug|x64.ActiveCfg = Debug|x64
		{F7E944B3-0815-40CD-B3E4-90B2A15B0E33}.DLL Debug|x64.Build.0 = Debug|x64
		{F7E944B3-0815-40CD-B3E4-90B2A15B0E33}.DLL Release|Win32.ActiveCfg = Release|Win32
		{F7E944B3-0815-40CD-B3E4-90B2A15B0E33}.DLL Release|Win32.Build.0 = Release|Win32
		{F7E944B3-0815-40CD-B3E4-90B2A15B0E33}.DLL Release|x64.ActiveCfg = Release|x64
		{F7E944B3-0815-40CD-B3E4-90B2A15B0E33}.DLL Release|x64.Build.0 = Release|x64
		{F7E944B3-0815-40CD-B3E4-90B2A15B0E33}.LIB ASM Debug|Win32.ActiveCfg = Debug|Win32
		{F7E944B3-0815-40CD-B3E4-90B2A15B0E33}.LIB ASM Debug|Win32.Build.0 = Debug|Win32
		{F7E944B3-0815-40CD-B3E4-90B2A15B0E33}.LIB ASM Debug|x64.ActiveCfg = Debug|x64
		{F7E944B3-0815-40CD-B3E4-90B2A15B0E33}.LIB ASM Debug|x64.Build.0 = Debug|x64
		{F7E944B3-0815-40CD-B3E4-90B2A15B0E33}.LIB ASM Release|Win32.ActiveCfg = Release|Win32
		{F7E944B3-0815-40CD-B3E4-90B2A15B0E33}.LIB ASM Release|Win32.Build.0 = Release|Win32
		{F7E944B3-0815-40CD-B3E4-90B2A15B0E33}.LIB ASM Release|x64.ActiveCfg = Release|x64
		{F7E944B3-0815-40CD-B3E4-90B2A15B0E33}.LIB ASM Release|x64.Build.0 = Release|x64
		{F7E944B3-0815-40CD-B3E4-90B2A15B0E33}.LIB Debug|Win32.ActiveCfg = Debug|Win32
		{F7E944B3-0815-40CD-B3E4-90B2A15B0E33}.LIB Debug|Win32.Build.0 = Debug|Win32
		{F7E944B3-0815-40CD-B3E4-90B2A15B0E33}.LIB Debug|x64.ActiveCfg = Debug|x64
		{F7E944B3-0815-40CD-B3E4-90B2A15B0E33}.LIB Debug|x64.Build.0 = Debug|x64
		{F7E944B3-0815-40CD-B3E4-90B2A15B0E33}.LIB Release|Win32.ActiveCfg = Release|Win32
		{F7E944B3-0815-40CD-B3E4-90B2A15B0E33}.LIB Release|Win32.Build.0 = Release|Win32
		{F7E944B3-0815-40CD-B3E4-90B2A15B0E33}.LIB Release|x64.ActiveCfg = Release|x64
		{F7E944B3-0815-40CD-B3E4-90B2A15B0E33}.LIB Release|x64.Build.0 = Release|x64
		{F7E944B3-0815-40CD-B3E4-90B2A15B0E33}.Mixed|Win32.ActiveCfg = Release|x64
		{F7E944B3-0815-40CD-B3E4-90B2A15B0E33}.Mixed|x64.ActiveCfg = Release|x64
		{F7E944B3-0815-40CD-B3E4-90B2A15B0E33}.Mixed|x64.Build.0 = Release|x64
		{F7E944B3-0815-40CD-B3E4-90B2A15B0E33}.Release Multithreaded|Win32.ActiveCfg = Release|x64
		{F7E944B3-0815-40CD-B3E4-90B2A15B0E33}.Release Multithreaded|x64.ActiveCfg = Release|x64
		{F7E944B3-0815-40CD-B3E4-90B2A15B0E33}.Release Multithreaded|x64.Build.0 = Release|x64
		{F7E944B3-0815-40CD-B3E4-90B2A15B0E33}.Release Singlethreaded|Win32.ActiveCfg = Release|x64
		{F7E944B3-0815-40CD-B3E4-90B2A15B0E33}.Release Singlethreaded|x64.ActiveCfg = Release|x64
		{F7E944B3-0815-40CD-B3E4-90B2A15B0E33}.Release Singlethreaded|x64.Build.0 = Release|x64
		{F7E944B3-0815-40CD-B3E4-90B2A15B0E33}.Release_Static|Win32.ActiveCfg = Release|x64
		{F7E944B3-0815-40CD-B3E4-90B2A15B0E33}.Release_Static|x64.ActiveCfg = Release|x64
		{F7E944B3-0815-40CD-B3E4-90B2A15B0E33}.Release_Static|x64.Build.0 = Release|x64
		{F7E944B3-0815-40CD-B3E4-90B2A15B0E33}.Release|Win32.ActiveCfg = Release|Win32
		{F7E944B3-0815-40CD-B3E4-90B2A15B0E33}.Release|Win32.Build.0 = Release|Win32
		{F7E944B3-0815-40CD-B3E4-90B2A15B0E33}.Release|x64.ActiveCfg = Release|x64
		{F7E944B3-0815-40CD-B3E4-90B2A15B0E33}.Release|x64.Build.0 = Release|x64
		{F7E944B3-0815-40CD-B3E4-90B2A15B0E33}.ReleaseWithSymbols|Win32.ActiveCfg = Release|x64
		{F7E944B3-0815-40CD-B3E4-90B2A15B0E33}.ReleaseWithSymbols|x64.ActiveCfg = Release|x64
		{F7E944B3-0815-40CD-B3E4-90B2A15B0E33}.ReleaseWithSymbols|x64.Build.0 = Release|x64
		{F7E944B3-0815-40CD-B3E4-90B2A15B0E33}.Template|Win32.ActiveCfg = Release|x64
		{F7E944B3-0815-40CD-B3E4-90B2A15B0E33}.Template|x64.ActiveCfg = Release|x64
		{F7E944B3-0815-40CD-B3E4-90B2A15B0E33}.Template|x64.Build.0 = Release|x64
		{81CE8DAF-EBB2-4761-8E45-B71ABCCA8C68}.Debug Multithreaded|Win32.ActiveCfg = Debug|x64
		{81CE8DAF-EBB2-4761-8E45-B71ABCCA8C68}.Debug Multithreaded|x64.ActiveCfg = Debug|x64
		{81CE8DAF-EBB2-4761-8E45-B71ABCCA8C68}.Debug Multithreaded|x64.Build.0 = Debug|x64
		{81CE8DAF-EBB2-4761-8E45-B71ABCCA8C68}.Debug Singlethreaded|Win32.ActiveCfg = Debug|x64
		{81CE8DAF-EBB2-4761-8E45-B71ABCCA8C68}.Debug Singlethreaded|x64.ActiveCfg = Debug|x64
		{81CE8DAF-EBB2-4761-8E45-B71ABCCA8C68}.Debug Singlethreaded|x64.Build.0 = Debug|x64
		{81CE8DAF-EBB2-4761-8E45-B71ABCCA8C68}.Debug_Static|Win32.ActiveCfg = Debug|x64
		{81CE8DAF-EBB2-4761-8E45-B71ABCCA8C68}.Debug_Static|x64.ActiveCfg = Debug|x64
		{81CE8DAF-EBB2-4761-8E45-B71ABCCA8C68}.Debug_Static|x64.Build.0 = Debug|x64
		{81CE8DAF-EBB2-4761-8E45-B71ABCCA8C68}.Debug|Win32.ActiveCfg = Debug|Win32
		{81CE8DAF-EBB2-4761-8E45-B71ABCCA8C68}.Debug|Win32.Build.0 = Debug|Win32
		{81CE8DAF-EBB2-4761-8E45-B71ABCCA8C68}.Debug|x64.ActiveCfg = Debug|x64
		{81CE8DAF-EBB2-4761-8E45-B71ABCCA8C68}.Debug|x64.Build.0 = Debug|x64
		{81CE8DAF-EBB2-4761-8E45-B71ABCCA8C68}.DLL ASM Debug|Win32.ActiveCfg = Debug|Win32
		{81CE8DAF-EBB2-4761-8E45-B71ABCCA8C68}.DLL ASM Debug|Win32.Build.0 = Debug|Win32
		{81CE8DAF-EBB2-4761-8E45-B71ABCCA8C68}.DLL ASM Debug|x64.ActiveCfg = Debug|x64
		{81CE8DAF-EBB2-4761-8E45-B71ABCCA8C68}.DLL ASM Debug|x64.Build.0 = Debug|x64
		{81CE8DAF-EBB2-4761-8E45-B71ABCCA8C68}.DLL ASM Release|Win32.ActiveCfg = Release|Win32
		{81CE8DAF-EBB2-4761-8E45-B71ABCCA8C68}.DLL ASM Release|Win32.Build.0 = Release|Win32
		{81CE8DAF-EBB2-4761-8E45-B71ABCCA8C68}.DLL ASM Release|x64.ActiveCfg = Release|x64
		{81CE8DAF-EBB2-4761-8E45-B71ABCCA8C68}.DLL ASM Release|x64.Build.0 = Release|x64
		{81CE8DAF-EBB2-4761-8E45-B71ABCCA8C68}.DLL Debug|Win32.ActiveCfg = Debug|Win32
		{81CE8DAF-EBB2-4761-8E45-B71ABCCA8C68}.DLL Debug|Win32.Build.0 = Debug|Win32
		{81CE8DAF-EBB2-4761-8E45-B71ABCCA8C68}.DLL Debug|x64.ActiveCfg = Debug|x64
		{81CE8DAF-EBB2-4761-8E45-B71ABCCA8C68}.DLL Debug|x64.Build.0 = Debug|x64
		{81CE8DAF-EBB2-4761-8E45-B71ABCCA8C68}.DLL Release|Win32.ActiveCfg = Release|Win32
		{81CE8DAF-EBB2-4761-8E45-B71ABCCA8C68}.DLL Release|Win32.Build.0 = Release|Win32
		{81CE8DAF-EBB2-4761-8E45-B71ABCCA8C68}.DLL Release|x64.ActiveCfg = Release|x64
		{81CE8DAF-EBB2-4761-8E45-B71ABCCA8C68}.DLL Release|x64.Build.0 = Release|x64
		{81CE8DAF-EBB2-4761-8E45-B71ABCCA8C68}.LIB ASM Debug|Win32.ActiveCfg = Debug|Win32
		{81CE8DAF-EBB2-4761-8E45-B71ABCCA8C68}.LIB ASM Debug|Win32.Build.0 = Debug|Win32
		{81CE8DAF-EBB2-4761-8E45-B71ABCCA8C68}.LIB ASM Debug|x64.ActiveCfg = Debug|x64
		{81CE8DAF-EBB2-4761-8E45-B71ABCCA8C68}.LIB ASM Debug|x64.Build.0 = Debug|x64
		{81CE8DAF-EBB2-4761-8E45-B71ABCCA8C68}.LIB ASM Release|Win32.ActiveCfg = Release|Win32
		{81CE8DAF-EBB2-4761-8E45-B71ABCCA8C68}.LIB ASM Release|Win32.Build.0 = Release|Win32
		{81CE8DAF-EBB2-4761-8E45-B71ABCCA8C68}.LIB ASM Release|x64.ActiveCfg = Release|x64
		{81CE8DAF-EBB2-4761-8E45-B71ABCCA8C68}.LIB ASM Release|x64.Build.0 = Release|x64
		{81CE8DAF-EBB2-4761-8E45-B71ABCCA8C68}.LIB Debug|Win32.ActiveCfg = Debug|Win32
		{81CE8DAF-EBB2-4761-8E45-B71ABCCA8C68}.LIB Debug|Win32.Build.0 = Debug|Win32
		{81CE8DAF-EBB2-4761-8E45-B71ABCCA8C68}.LIB Debug|x64.ActiveCfg = Debug|x64
		{81CE8DAF-EBB2-4761-8E45-B71ABCCA8C68}.LIB Debug|x64.Build.0 = Debug|x64
		{81CE8DAF-EBB2-4761-8E45-B71ABCCA8C68}.LIB Release|Win32.ActiveCfg = Release|Win32
		{81CE8DAF-EBB2-4761-8E45-B71ABCCA8C68}.LIB Release|Win32.Build.0 = Release|Win32
		{81CE8DAF-EBB2-4761-8E45-B71ABCCA8C68}.LIB Release|x64.ActiveCfg = Release|x64
		{81CE8DAF-EBB2-4761-8E45-B71ABCCA8C68}.LIB Release|x64.Build.0 = Release|x64
		{81CE8DAF-EBB2-4761-8E45-B71ABCCA8C68}.Mixed|Win32.ActiveCfg = Release|x64
		{81CE8DAF-EBB2-4761-8E45-B71ABCCA8C68}.Mixed|x64.ActiveCfg = Release|x64
		{81CE8DAF-EBB2-4761-8E45-B71ABCCA8C68}.Mixed|x64.Build.0 = Release|x64
		{81CE8DAF-EBB2-4761-8E45-B71ABCCA8C68}.Release Multithreaded|Win32.ActiveCfg = Release|x64
		{81CE8DAF-EBB2-4761-8E45-B71ABCCA8C68}.Release Multithreaded|x64.ActiveCfg = Release|x64
		{81CE8DAF-EBB2-4761-8E45-B71ABCCA8C68}.Release Multithreaded|x64.Build.0 = Release|x64
		{81CE8DAF-EBB2-4761-8E45-B71ABCCA8C68}.Release Singlethreaded|Win32.ActiveCfg = Release|x64
		{81CE8DAF-EBB2-4761-8E45-B71ABCCA8C68}.Release Singlethreaded|x64.ActiveCfg = Release|x64
		{81CE8DAF-EBB2-4761-8E45-B71ABCCA8C68}.Release Singlethreaded|x64.Build.0 = Release|x64
		{81CE8DAF-EBB2-4761-8E45-B71ABCCA8C68}.Release_Static|Win32.ActiveCfg = Release|x64
		{81CE8DAF-EBB2-4761-8E45-B71ABCCA8C68}.Release_Static|x64.ActiveCfg = Release|x64
		{81CE8DAF-EBB2-4761-8E45-B71ABCCA8C68}.Release_Static|x64.Build.0 = Release|x64
		{81CE8DAF-EBB2-4761-8E45-B71ABCCA8C68}.Release|Win32.ActiveCfg = Release|Win32
		{81CE8DAF-EBB2-4761-8E45-B71ABCCA8C68}.Release|Win32.Build.0 = Release|Win32
		{81CE8DAF-EBB2-4761-8E45-B71ABCCA8C68}.Release|x64.ActiveCfg = Release|x64
		{81CE8DAF-EBB2-4761-8E45-B71ABCCA8C68}.Release|x64.Build.0 = Release|x64
		{81CE8DAF-EBB2-4761-8E45-B71ABCCA8C68}.ReleaseWithSymbols|Win32.ActiveCfg = Release|x64
		{81CE8DAF-EBB2-4761-8E45-B71ABCCA8C68}.ReleaseWithSymbols|x64.ActiveCfg = Release|x64
		{81CE8DAF-EBB2-4761-8E45-B71ABCCA8C68}.ReleaseWithSymbols|x64.Build.0 = Release|x64
		{81CE8DAF-EBB2-4761-8E45-B71ABCCA8C68}.Template|Win32.ActiveCfg = Release|x64
		{81CE8DAF-EBB2-4761-8E45-B71ABCCA8C68}.Template|x64.ActiveCfg = Release|x64
		{81CE8DAF-EBB2-4761-8E45-B71ABCCA8C68}.Template|x64.Build.0 = Release|x64
		{8FE73E8D-C7BA-9C4B-9301-0D6C14E8B0A5}.Debug Multithreaded|Win32.ActiveCfg = Debug|Win32
		{8FE73E8D-C7BA-9C4B-9301-0D6C14E8B0A5}.Debug Multithreaded|Win32.Build.0 = Debug|Win32
		{8FE73E8D-C7BA-9C4B-9301-0D6C14E8B0A5}.Debug Multithreaded|x64.ActiveCfg = Debug|Win32
		{8FE73E8D-C7BA-9C4B-9301-0D6C14E8B0A5}.Debug Singlethreaded|Win32.ActiveCfg = Debug|Win32
		{8FE73E8D-C7BA-9C4B-9301-0D6C14E8B0A5}.Debug Singlethreaded|Win32.Build.0 = Debug|Win32
		{8FE73E8D-C7BA-9C4B-9301-0D6C14E8B0A5}.Debug Singlethreaded|x64.ActiveCfg = Debug|Win32
		{8FE73E8D-C7BA-9C4B-9301-0D6C14E8B0A5}.Debug_Static|Win32.ActiveCfg = Debug_Static|Win32
		{8FE73E8D-C7BA-9C4B-9301-0D6C14E8B0A5}.Debug_Static|Win32.Build.0 = Debug_Static|Win32
		{8FE73E8D-C7BA-9C4B-9301-0D6C14E8B0A5}.Debug_Static|x64.ActiveCfg = Debug_Static|Win32
		{8FE73E8D-C7BA-9C4B-9301-0D6C14E8B0A5}.Debug|Win32.ActiveCfg = Debug|Win32
		{8FE73E8D-C7BA-9C4B-9301-0D6C14E8B0A5}.Debug|Win32.Build.0 = Debug|Win32
		{8FE73E8D-C7BA-9C4B-9301-0D6C14E8B0A5}.Debug|x64.ActiveCfg = Debug|Win32
		{8FE73E8D-C7BA-9C4B-9301-0D6C14E8B0A5}.DLL ASM Debug|Win32.ActiveCfg = Debug|Win32
		{8FE73E8D-C7BA-9C4B-9301-0D6C14E8B0A5}.DLL ASM Debug|Win32.Build.0 = Debug|Win32
		{8FE73E8D-C7BA-9C4B-9301-0D6C14E8B0A5}.DLL ASM Debug|x64.ActiveCfg = Debug|Win32
		{8FE73E8D-C7BA-9C4B-9301-0D6C14E8B0A5}.DLL ASM Release|Win32.ActiveCfg = Release|Win32
		{8FE73E8D-C7BA-9C4B-9301-0D6C14E8B0A5}.DLL ASM Release|Win32.Build.0 = Release|Win32
		{8FE73E8D-C7BA-9C4B-9301-0D6C14E8B0A5}.DLL ASM Release|x64.ActiveCfg = Release|Win32
		{8FE73E8D-C7BA-9C4B-9301-0D6C14E8B0A5}.DLL Debug|Win32.ActiveCfg = Debug|Win32
		{8FE73E8D-C7BA-9C4B-9301-0D6C14E8B0A5}.DLL Debug|Win32.Build.0 = Debug|Win32
		{8FE73E8D-C7BA-9C4B-9301-0D6C14E8B0A5}.DLL Debug|x64.ActiveCfg = Debug|Win32
		{8FE73E8D-C7BA-9C4B-9301-0D6C14E8B0A5}.DLL Release|Win32.ActiveCfg = Release|Win32
		{8FE73E8D-C7BA-9C4B-9301-0D6C14E8B0A5}.DLL Release|Win32.Build.0 = Release|Win32
		{8FE73E8D-C7BA-9C4B-9301-0D6C14E8B0A5}.DLL Release|x64.ActiveCfg = Release|Win32
		{8FE73E8D-C7BA-9C4B-9301-0D6C14E8B0A5}.LIB ASM Debug|Win32.ActiveCfg = Debug|Win32
		{8FE73E8D-C7BA-9C4B-9301-0D6C14E8B0A5}.LIB ASM Debug|Win32.Build.0 = Debug|Win32
		{8FE73E8D-C7BA-9C4B-9301-0D6C14E8B0A5}.LIB ASM Debug|x64.ActiveCfg = Debug|Win32
		{8FE73E8D-C7BA-9C4B-9301-0D6C14E8B0A5}.LIB ASM Release|Win32.ActiveCfg = Release|Win32
		{8FE73E8D-C7BA-9C4B-9301-0D6C14E8B0A5}.LIB ASM Release|Win32.Build.0 = Release|Win32
		{8FE73E8D-C7BA-9C4B-9301-0D6C14E8B0A5}.LIB ASM Release|x64.ActiveCfg = Release|Win32
		{8FE73E8D-C7BA-9C4B-9301-0D6C14E8B0A5}.LIB Debug|Win32.ActiveCfg = Debug|Win32
		{8FE73E8D-C7BA-9C4B-9301-0D6C14E8B0A5}.LIB Debug|Win32.Build.0 = Debug|Win32
		{8FE73E8D-C7BA-9C4B-9301-0D6C14E8B0A5}.LIB Debug|x64.ActiveCfg = Debug|Win32
		{8FE73E8D-C7BA-9C4B-9301-0D6C14E8B0A5}.LIB Release|Win32.ActiveCfg = Release|Win32
		{8FE73E8D-C7BA-9C4B-9301-0D6C14E8B0A5}.LIB Release|Win32.Build.0 = Release|Win32
		{8FE73E8D-C7BA-9C4B-9301-0D6C14E8B0A5}.LIB Release|x64.ActiveCfg = Release|Win32
		{8FE73E8D-C7BA-9C4B-9301-0D6C14E8B0A5}.Mixed|Win32.ActiveCfg = Release|Win32
		{8FE73E8D-C7BA-9C4B-9301-0D6C14E8B0A5}.Mixed|Win32.Build.0 = Release|Win32
		{8FE73E8D-C7BA-9C4B-9301-0D6C14E8B0A5}.Mixed|x64.ActiveCfg = Release|Win32
		{8FE73E8D-C7BA-9C4B-9301-0D6C14E8B0A5}.Release Multithreaded|Win32.ActiveCfg = Release|Win32
		{8FE73E8D-C7BA-9C4B-9301-0D6C14E8B0A5}.Release Multithreaded|Win32.Build.0 = Release|Win32
		{8FE73E8D-C7BA-9C4B-9301-0D6C14E8B0A5}.Release Multithreaded|x64.ActiveCfg = Release|Win32
		{8FE73E8D-C7BA-9C4B-9301-0D6C14E8B0A5}.Release Singlethreaded|Win32.ActiveCfg = Release|Win32
		{8FE73E8D-C7BA-9C4B-9301-0D6C14E8B0A5}.Release Singlethreaded|Win32.Build.0 = Release|Win32
		{8FE73E8D-C7BA-9C4B-9301-0D6C14E8B0A5}.Release Singlethreaded|x64.ActiveCfg = Release|Win32
		{8FE73E8D-C7BA-9C4B-9301-0D6C14E8B0A5}.Release_Static|Win32.ActiveCfg = Release_Static|Win32
		{8FE73E8D-C7BA-9C4B-9301-0D6C14E8B0A5}.Release_Static|Win32.Build.0 = Release_Static|Win32
		{8FE73E8D-C7BA-9C4B-9301-0D6C14E8B0A5}.Release_Static|x64.ActiveCfg = Release_Static|Win32
		{8FE73E8D-C7BA-9C4B-9301-0D6C14E8B0A5}.Release|Win32.ActiveCfg = Release|Win32
		{8FE73E8D-C7BA-9C4B-9301-0D6C14E8B0A5}.Release|Win32.Build.0 = Release|Win32
		{8FE73E8D-C7BA-9C4B-9301-0D6C14E8B0A5}.Release|x64.ActiveCfg = Release|Win32
		{8FE73E8D-C7BA-9C4B-9301-0D6C14E8B0A5}.ReleaseWithSymbols|Win32.ActiveCfg = ReleaseWithSymbols|Win32
		{8FE73E8D-C7BA-9C4B-9301-0D6C14E8B0A5}.ReleaseWithSymbols|Win32.Build.0 = ReleaseWithSymbols|Win32
		{8FE73E8D-C7BA-9C4B-9301-0D6C14E8B0A5}.ReleaseWithSymbols|x64.ActiveCfg = ReleaseWithSymbols|Win32
		{8FE73E8D-C7BA-9C4B-9301-0D6C14E8B0A5}.Template|Win32.ActiveCfg = Release|Win32
		{8FE73E8D-C7BA-9C4B-9301-0D6C14E8B0A5}.Template|Win32.Build.0 = Release|Win32
		{8FE73E8D-C7BA-9C4B-9301-0D6C14E8B0A5}.Template|x64.ActiveCfg = Release|Win32
		{78B079BD-9FC7-4B9E-B4A6-96DA0F00248B}.Debug Multithreaded|Win32.ActiveCfg = Debug Multithreaded|Win32
		{78B079BD-9FC7-4B9E-B4A6-96DA0F00248B}.Debug Multithreaded|Win32.Build.0 = Debug Multithreaded|Win32
		{78B079BD-9FC7-4B9E-B4A6-96DA0F00248B}.Debug Multithreaded|x64.ActiveCfg = Debug Multithreaded|Win32
		{78B079BD-9FC7-4B9E-B4A6-96DA0F00248B}.Debug Singlethreaded|Win32.ActiveCfg = Debug Singlethreaded|Win32
		{78B079BD-9FC7-4B9E-B4A6-96DA0F00248B}.Debug Singlethreaded|Win32.Build.0 = Debug Singlethreaded|Win32
		{78B079BD-9FC7-4B9E-B4A6-96DA0F00248B}.Debug Singlethreaded|x64.ActiveCfg = Debug Singlethreaded|Win32
		{78B079BD-9FC7-4B9E-B4A6-96DA0F00248B}.Debug_Static|Win32.ActiveCfg = Debug|Win32
		{78B079BD-9FC7-4B9E-B4A6-96DA0F00248B}.Debug_Static|Win32.Build.0 = Debug|Win32
		{78B079BD-9FC7-4B9E-B4A6-96DA0F00248B}.Debug_Static|x64.ActiveCfg = Debug|Win32
		{78B079BD-9FC7-4B9E-B4A6-96DA0F00248B}.Debug|Win32.ActiveCfg = Debug|Win32
		{78B079BD-9FC7-4B9E-B4A6-96DA0F00248B}.Debug|Win32.Build.0 = Debug|Win32
		{78B079BD-9FC7-4B9E-B4A6-96DA0F00248B}.Debug|x64.ActiveCfg = Debug|Win32
		{78B079BD-9FC7-4B9E-B4A6-96DA0F00248B}.DLL ASM Debug|Win32.ActiveCfg = Debug|Win32
		{78B079BD-9FC7-4B9E-B4A6-96DA0F00248B}.DLL ASM Debug|Win32.Build.0 = Debug|Win32
		{78B079BD-9FC7-4B9E-B4A6-96DA0F00248B}.DLL ASM Debug|x64.ActiveCfg = Debug|Win32
		{78B079BD-9FC7-4B9E-B4A6-96DA0F00248B}.DLL ASM Release|Win32.ActiveCfg = Release|Win32
		{78B079BD-9FC7-4B9E-B4A6-96DA0F00248B}.DLL ASM Release|Win32.Build.0 = Release|Win32
		{78B079BD-9FC7-4B9E-B4A6-96DA0F00248B}.DLL ASM Release|x64.ActiveCfg = Release|Win32
		{78B079BD-9FC7-4B9E-B4A6-96DA0F00248B}.DLL Debug|Win32.ActiveCfg = Debug|Win32
		{78B079BD-9FC7-4B9E-B4A6-96DA0F00248B}.DLL Debug|Win32.Build.0 = Debug|Win32
		{78B079BD-9FC7-4B9E-B4A6-96DA0F00248B}.DLL Debug|x64.ActiveCfg = Debug|Win32
		{78B079BD-9FC7-4B9E-B4A6-96DA0F00248B}.DLL Release|Win32.ActiveCfg = Release|Win32
		{78B079BD-9FC7-4B9E-B4A6-96DA0F00248B}.DLL Release|Win32.Build.0 = Release|Win32
		{78B079BD-9FC7-4B9E-B4A6-96DA0F00248B}.DLL Release|x64.ActiveCfg = Release|Win32
		{78B079BD-9FC7-4B9E-B4A6-96DA0F00248B}.LIB ASM Debug|Win32.ActiveCfg = Debug|Win32
		{78B079BD-9FC7-4B9E-B4A6-96DA0F00248B}.LIB ASM Debug|Win32.Build.0 = Debug|Win32
		{78B079BD-9FC7-4B9E-B4A6-96DA0F00248B}.LIB ASM Debug|x64.ActiveCfg = Debug|Win32
		{78B079BD-9FC7-4B9E-B4A6-96DA0F00248B}.LIB ASM Release|Win32.ActiveCfg = Release|Win32
		{78B079BD-9FC7-4B9E-B4A6-96DA0F00248B}.LIB ASM Release|Win32.Build.0 = Release|Win32
		{78B079BD-9FC7-4B9E-B4A6-96DA0F00248B}.LIB ASM Release|x64.ActiveCfg = Release|Win32
		{78B079BD-9FC7-4B9E-B4A6-96DA0F00248B}.LIB Debug|Win32.ActiveCfg = Debug|Win32
		{78B079BD-9FC7-4B9E-B4A6-96DA0F00248B}.LIB Debug|Win32.Build.0 = Debug|Win32
		{78B079BD-9FC7-4B9E-B4A6-96DA0F00248B}.LIB Debug|x64.ActiveCfg = Debug|Win32
		{78B079BD-9FC7-4B9E-B4A6-96DA0F00248B}.LIB Release|Win32.ActiveCfg = Release|Win32
		{78B079BD-9FC7-4B9E-B4A6-96DA0F00248B}.LIB Release|Win32.Build.0 = Release|Win32
		{78B079BD-9FC7-4B9E-B4A6-96DA0F00248B}.LIB Release|x64.ActiveCfg = Release|Win32
		{78B079BD-9FC7-4B9E-B4A6-96DA0F00248B}.Mixed|Win32.ActiveCfg = Release|Win32
		{78B079BD-9FC7-4B9E-B4A6-96DA0F00248B}.Mixed|Win32.Build.0 = Release|Win32
		{78B079BD-9FC7-4B9E-B4A6-96DA0F00248B}.Mixed|x64.ActiveCfg = Release|Win32
		{78B079BD-9FC7-4B9E-B4A6-96DA0F00248B}.Release Multithreaded|Win32.ActiveCfg = Release Multithreaded|Win32
		{78B079BD-9FC7-4B9E-B4A6-96DA0F00248B}.Release Multithreaded|Win32.Build.0 = Release Multithreaded|Win32
		{78B079BD-9FC7-4B9E-B4A6-96DA0F00248B}.Release Multithreaded|x64.ActiveCfg = Release Multithreaded|Win32
		{78B079BD-9FC7-4B9E-B4A6-96DA0F00248B}.Release Singlethreaded|Win32.ActiveCfg = Release Singlethreaded|Win32
		{78B079BD-9FC7-4B9E-B4A6-96DA0F00248B}.Release Singlethreaded|Win32.Build.0 = Release Singlethreaded|Win32
		{78B079BD-9FC7-4B9E-B4A6-96DA0F00248B}.Release Singlethreaded|x64.ActiveCfg = Release Singlethreaded|Win32
		{78B079BD-9FC7-4B9E-B4A6-96DA0F00248B}.Release_Static|Win32.ActiveCfg = Release|Win32
		{78B079BD-9FC7-4B9E-B4A6-96DA0F00248B}.Release_Static|Win32.Build.0 = Release|Win32
		{78B079BD-9FC7-4B9E-B4A6-96DA0F00248B}.Release_Static|x64.ActiveCfg = Release|Win32
		{78B079BD-9FC7-4B9E-B4A6-96DA0F00248B}.Release|Win32.ActiveCfg = Release|Win32
		{78B079BD-9FC7-4B9E-B4A6-96DA0F00248B}.Release|Win32.Build.0 = Release|Win32
		{78B079BD-9FC7-4B9E-B4A6-96DA0F00248B}.Release|x64.ActiveCfg = Release|Win32
		{78B079BD-9FC7-4B9E-B4A6-96DA0F00248B}.ReleaseWithSymbols|Win32.ActiveCfg = Release|Win32
		{78B079BD-9FC7-4B9E-B4A6-96DA0F00248B}.ReleaseWithSymbols|Win32.Build.0 = Release|Win32
		{78B079BD-9FC7-4B9E-B4A6-96DA0F00248B}.ReleaseWithSymbols|x64.ActiveCfg = Release|Win32
		{78B079BD-9FC7-4B9E-B4A6-96DA0F00248B}.Template|Win32.ActiveCfg = Release|Win32
		{78B079BD-9FC7-4B9E-B4A6-96DA0F00248B}.Template|Win32.Build.0 = Release|Win32
		{78B079BD-9FC7-4B9E-B4A6-96DA0F00248B}.Template|x64.ActiveCfg = Release|Win32
		{5E7D1C94-CCF2-48D5-8F9C-ED46C95228A4}.Debug Multithreaded|Win32.ActiveCfg = Debug|Win32
		{5E7D1C94-CCF2-48D5-8F9C-ED46C95228A4}.Debug Multithreaded|Win32.Build.0 = Debug|Win32
		{5E7D1C94-CCF2-48D5-8F9C-ED46C95228A4}.Debug Multithreaded|x64.ActiveCfg = Debug|Win32
		{5E7D1C94-CCF2-48D5-8F9C-ED46C95228A4}.Debug Singlethreaded|Win32.ActiveCfg = Debug|Win32
		{5E7D1C94-CCF2-48D5-8F9C-ED46C95228A4}.Debug Singlethreaded|Win32.Build.0 = Debug|Win32
		{5E7D1C94-CCF2-48D5-8F9C-ED46C95228A4}.Debug Singlethreaded|x64.ActiveCfg = Debug|Win32
		{5E7D1C94-CCF2-48D5-8F9C-ED46C95228A4}.Debug_Static|Win32.ActiveCfg = Debug|Win32
		{5E7D1C94-CCF2-48D5-8F9C-ED46C95228A4}.Debug_Static|Win32.Build.0 = Debug|Win32
		{5E7D1C94-CCF2-48D5-8F9C-ED46C95228A4}.Debug_Static|x64.ActiveCfg = Debug|Win32
		{5E7D1C94-CCF2-48D5-8F9C-ED46C95228A4}.Debug|Win32.ActiveCfg = Debug|Win32
		{5E7D1C94-CCF2-48D5-8F9C-ED46C95228A4}.Debug|Win32.Build.0 = Debug|Win32
		{5E7D1C94-CCF2-48D5-8F9C-ED46C95228A4}.Debug|x64.ActiveCfg = Debug|Win32
		{5E7D1C94-CCF2-48D5-8F9C-ED46C95228A4}.DLL ASM Debug|Win32.ActiveCfg = Debug|Win32
		{5E7D1C94-CCF2-48D5-8F9C-ED46C95228A4}.DLL ASM Debug|Win32.Build.0 = Debug|Win32
		{5E7D1C94-CCF2-48D5-8F9C-ED46C95228A4}.DLL ASM Debug|x64.ActiveCfg = Debug|Win32
		{5E7D1C94-CCF2-48D5-8F9C-ED46C95228A4}.DLL ASM Release|Win32.ActiveCfg = Release|Win32
		{5E7D1C94-CCF2-48D5-8F9C-ED46C95228A4}.DLL ASM Release|Win32.Build.0 = Release|Win32
		{5E7D1C94-CCF2-48D5-8F9C-ED46C95228A4}.DLL ASM Release|x64.ActiveCfg = Release|Win32
		{5E7D1C94-CCF2-48D5-8F9C-ED46C95228A4}.DLL Debug|Win32.ActiveCfg = Debug|Win32
		{5E7D1C94-CCF2-48D5-8F9C-ED46C95228A4}.DLL Debug|Win32.Build.0 = Debug|Win32
		{5E7D1C94-CCF2-48D5-8F9C-ED46C95228A4}.DLL Debug|x64.ActiveCfg = Debug|Win32
		{5E7D1C94-CCF2-48D5-8F9C-ED46C95228A4}.DLL Release|Win32.ActiveCfg = Release|Win32
		{5E7D1C94-CCF2-48D5-8F9C-ED46C95228A4}.DLL Release|Win32.Build.0 = Release|Win32
		{5E7D1C94-CCF2-48D5-8F9C-ED46C95228A4}.DLL Release|x64.ActiveCfg = Release|Win32
		{5E7D1C94-CCF2-48D5-8F9C-ED46C95228A4}.LIB ASM Debug|Win32.ActiveCfg = Debug|Win32
		{5E7D1C94-CCF2-48D5-8F9C-ED46C95228A4}.LIB ASM Debug|Win32.Build.0 = Debug|Win32
		{5E7D1C94-CCF2-48D5-8F9C-ED46C95228A4}.LIB ASM Debug|x64.ActiveCfg = Debug|Win32
		{5E7D1C94-CCF2-48D5-8F9C-ED46C95228A4}.LIB ASM Release|Win32.ActiveCfg = Release|Win32
		{5E7D1C94-CCF2-48D5-8F9C-ED46C95228A4}.LIB ASM Release|Win32.Build.0 = Release|Win32
		{5E7D1C94-CCF2-48D5-8F9C-ED46C95228A4}.LIB ASM Release|x64.ActiveCfg = Release|Win32
		{5E7D1C94-CCF2-48D5-8F9C-ED46C95228A4}.LIB Debug|Win32.ActiveCfg = Debug|Win32
		{5E7D1C94-CCF2-48D5-8F9C-ED46C95228A4}.LIB Debug|Win32.Build.0 = Debug|Win32
		{5E7D1C94-CCF2-48D5-8F9C-ED46C95228A4}.LIB Debug|x64.ActiveCfg = Debug|Win32
		{5E7D1C94-CCF2-48D5-8F9C-ED46C95228A4}.LIB Release|Win32.ActiveCfg = Release|Win32
		{5E7D1C94-CCF2-48D5-8F9C-ED46C95228A4}.LIB Release|Win32.Build.0 = Release|Win32
		{5E7D1C94-CCF2-48D5-8F9C-ED46C95228A4}.LIB Release|x64.ActiveCfg = Release|Win32
		{5E7D1C94-CCF2-48D5-8F9C-ED46C95228A4}.Mixed|Win32.ActiveCfg = Mixed|Win32
		{5E7D1C94-CCF2-48D5-8F9C-ED46C95228A4}.Mixed|Win32.Build.0 = Mixed|Win32
		{5E7D1C94-CCF2-48D5-8F9C-ED46C95228A4}.Mixed|x64.ActiveCfg = Mixed|Win32
		{5E7D1C94-CCF2-48D5-8F9C-ED46C95228A4}.Release Multithreaded|Win32.ActiveCfg = Release|Win32
		{5E7D1C94-CCF2-48D5-8F9C-ED46C95228A4}.Release Multithreaded|Win32.Build.0 = Release|Win32
		{5E7D1C94-CCF2-48D5-8F9C-ED46C95228A4}.Release Multithreaded|x64.ActiveCfg = Release|Win32
		{5E7D1C94-CCF2-48D5-8F9C-ED46C95228A4}.Release Singlethreaded|Win32.ActiveCfg = Release|Win32
		{5E7D1C94-CCF2-48D5-8F9C-ED46C95228A4}.Release Singlethreaded|Win32.Build.0 = Release|Win32
		{5E7D1C94-CCF2-48D5-8F9C-ED46C95228A4}.Release Singlethreaded|x64.ActiveCfg = Release|Win32
		{5E7D1C94-CCF2-48D5-8F9C-ED46C95228A4}.Release_Static|Win32.ActiveCfg = Release|Win32
		{5E7D1C94-CCF2-48D5-8F9C-ED46C95228A4}.Release_Static|Win32.Build.0 = Release|Win32
		{5E7D1C94-CCF2-48D5-8F9C-ED46C95228A4}.Release_Static|x64.ActiveCfg = Release|Win32
		{5E7D1C94-CCF2-48D5-8F9C-ED46C95228A4}.Release|Win32.ActiveCfg = Release|Win32
		{5E7D1C94-CCF2-48D5-8F9C-ED46C95228A4}.Release|Win32.Build.0 = Release|Win32
		{5E7D1C94-CCF2-48D5-8F9C-ED46C95228A4}.Release|x64.ActiveCfg = Release|Win32
		{5E7D1C94-CCF2-48D5-8F9C-ED46C95228A4}.ReleaseWithSymbols|Win32.ActiveCfg = Release|Win32
		{5E7D1C94-CCF2-48D5-8F9C-ED46C95228A4}.ReleaseWithSymbols|Win32.Build.0 = Release|Win32
		{5E7D1C94-CCF2-48D5-8F9C-ED46C95228A4}.ReleaseWithSymbols|x64.ActiveCfg = Release|Win32
		{5E7D1C94-CCF2-48D5-8F9C-ED46C95228A4}.Template|Win32.ActiveCfg = Release|Win32
		{5E7D1C94-CCF2-48D5-8F9C-ED46C95228A4}.Template|Win32.Build.0 = Release|Win32
		{5E7D1C94-CCF2-48D5-8F9C-ED46C95228A4}.Template|x64.ActiveCfg = Release|Win32
		{D5F3ED02-3478-2047-83D1-1133AE50FA6D}.Debug Multithreaded|Win32.ActiveCfg = Debug|Win32
		{D5F3ED02-3478-2047-83D1-1133AE50FA6D}.Debug Multithreaded|Win32.Build.0 = Debug|Win32
		{D5F3ED02-3478-2047-83D1-1133AE50FA6D}.Debug Multithreaded|x64.ActiveCfg = Debug|Win32
		{D5F3ED02-3478-2047-83D1-1133AE50FA6D}.Debug Singlethreaded|Win32.ActiveCfg = Debug|Win32
		{D5F3ED02-3478-2047-83D1-1133AE50FA6D}.Debug Singlethreaded|Win32.Build.0 = Debug|Win32
		{D5F3ED02-3478-2047-83D1-1133AE50FA6D}.Debug Singlethreaded|x64.ActiveCfg = Debug|Win32
		{D5F3ED02-3478-2047-83D1-1133AE50FA6D}.Debug_Static|Win32.ActiveCfg = Debug_Static|Win32
		{D5F3ED02-3478-2047-83D1-1133AE50FA6D}.Debug_Static|Win32.Build.0 = Debug_Static|Win32
		{D5F3ED02-3478-2047-83D1-1133AE50FA6D}.Debug_Static|x64.ActiveCfg = Debug_Static|Win32
		{D5F3ED02-3478-2047-83D1-1133AE50FA6D}.Debug|Win32.ActiveCfg = Debug|Win32
		{D5F3ED02-3478-2047-83D1-1133AE50FA6D}.Debug|Win32.Build.0 = Debug|Win32
		{D5F3ED02-3478-2047-83D1-1133AE50FA6D}.Debug|x64.ActiveCfg = Debug|Win32
		{D5F3ED02-3478-2047-83D1-1133AE50FA6D}.DLL ASM Debug|Win32.ActiveCfg = Debug|Win32
		{D5F3ED02-3478-2047-83D1-1133AE50FA6D}.DLL ASM Debug|Win32.Build.0 = Debug|Win32
		{D5F3ED02-3478-2047-83D1-1133AE50FA6D}.DLL ASM Debug|x64.ActiveCfg = Debug|Win32
		{D5F3ED02-3478-2047-83D1-1133AE50FA6D}.DLL ASM Release|Win32.ActiveCfg = Release|Win32
		{D5F3ED02-3478-2047-83D1-1133AE50FA6D}.DLL ASM Release|Win32.Build.0 = Release|Win32
		{D5F3ED02-3478-2047-83D1-1133AE50FA6D}.DLL ASM Release|x64.ActiveCfg = Release|Win32
		{D5F3ED02-3478-2047-83D1-1133AE50FA6D}.DLL Debug|Win32.ActiveCfg = Debug|Win32
		{D5F3ED02-3478-2047-83D1-1133AE50FA6D}.DLL Debug|Win32.Build.0 = Debug|Win32
		{D5F3ED02-3478-2047-83D1-1133AE50FA6D}.DLL Debug|x64.ActiveCfg = Debug|Win32
		{D5F3ED02-3478-2047-83D1-1133AE50FA6D}.DLL Release|Win32.ActiveCfg = Release|Win32
		{D5F3ED02-3478-2047-83D1-1133AE50FA6D}.DLL Release|Win32.Build.0 = Release|Win32
		{D5F3ED02-3478-2047-83D1-1133AE50FA6D}.DLL Release|x64.ActiveCfg = Release|Win32
		{D5F3ED02-3478-2047-83D1-1133AE50FA6D}.LIB ASM Debug|Win32.ActiveCfg = Debug|Win32
		{D5F3ED02-3478-2047-83D1-1133AE50FA6D}.LIB ASM Debug|Win32.Build.0 = Debug|Win32
		{D5F3ED02-3478-2047-83D1-1133AE50FA6D}.LIB ASM Debug|x64.ActiveCfg = Debug|Win32
		{D5F3ED02-3478-2047-83D1-1133AE50FA6D}.LIB ASM Release|Win32.ActiveCfg = Release|Win32
		{D5F3ED02-3478-2047-83D1-1133AE50FA6D}.LIB ASM Release|Win32.Build.0 = Release|Win32
		{D5F3ED02-3478-2047-83D1-1133AE50FA6D}.LIB ASM Release|x64.ActiveCfg = Release|Win32
		{D5F3ED02-3478-2047-83D1-1133AE50FA6D}.LIB Debug|Win32.ActiveCfg = Debug|Win32
		{D5F3ED02-3478-2047-83D1-1133AE50FA6D}.LIB Debug|Win32.Build.0 = Debug|Win32
		{D5F3ED02-3478-2047-83D1-1133AE50FA6D}.LIB Debug|x64.ActiveCfg = Debug|Win32
		{D5F3ED02-3478-2047-83D1-1133AE50FA6D}.LIB Release|Win32.ActiveCfg = Release|Win32
		{D5F3ED02-3478-2047-83D1-1133AE50FA6D}.LIB Release|Win32.Build.0 = Release|Win32
		{D5F3ED02-3478-2047-83D1-1133AE50FA6D}.LIB Release|x64.ActiveCfg = Release|Win32
		{D5F3ED02-3478-2047-83D1-1133AE50FA6D}.Mixed|Win32.ActiveCfg = Release|Win32
		{D5F3ED02-3478-2047-83D1-1133AE50FA6D}.Mixed|Win32.Build.0 = Release|Win32
		{D5F3ED02-3478-2047-83D1-1133AE50FA6D}.Mixed|x64.ActiveCfg = Release|Win32
		{D5F3ED02-3478-2047-83D1-1133AE50FA6D}.Release Multithreaded|Win32.ActiveCfg = Release|Win32
		{D5F3ED02-3478-2047-83D1-1133AE50FA6D}.Release Multithreaded|Win32.Build.0 = Release|Win32
		{D5F3ED02-3478-2047-83D1-1133AE50FA6D}.Release Multithreaded|x64.ActiveCfg = Release|Win32
		{D5F3ED02-3478-2047-83D1-1133AE50FA6D}.Release Singlethreaded|Win32.ActiveCfg = Release|Win32
		{D5F3ED02-3478-2047-83D1-1133AE50FA6D}.Release Singlethreaded|Win32.Build.0 = Release|Win32
		{D5F3ED02-3478-2047-83D1-1133AE50FA6D}.Release Singlethreaded|x64.ActiveCfg = Release|Win32
		{D5F3ED02-3478-2047-83D1-1133AE50FA6D}.Release_Static|Win32.ActiveCfg = Release_Static|Win32
		{D5F3ED02-3478-2047-83D1-1133AE50FA6D}.Release_Static|Win32.Build.0 = Release_Static|Win32
		{D5F3ED02-3478-2047-83D1-1133AE50FA6D}.Release_Static|x64.ActiveCfg = Release_Static|Win32
		{D5F3ED02-3478-2047-83D1-1133AE50FA6D}.Release|Win32.ActiveCfg = Release|Win32
		{D5F3ED02-3478-2047-83D1-1133AE50FA6D}.Release|Win32.Build.0 = Release|Win32
		{D5F3ED02-3478-2047-83D1-1133AE50FA6D}.Release|x64.ActiveCfg = Release|Win32
		{D5F3ED02-3478-2047-83D1-1133AE50FA6D}.ReleaseWithSymbols|Win32.ActiveCfg = ReleaseWithSymbols|Win32
		{D5F3ED02-3478-2047-83D1-1133AE50FA6D}.ReleaseWithSymbols|Win32.Build.0 = ReleaseWithSymbols|Win32
		{D5F3ED02-3478-2047-83D1-1133AE50FA6D}.ReleaseWithSymbols|x64.ActiveCfg = ReleaseWithSymbols|Win32
		{D5F3ED02-3478-2047-83D1-1133AE50FA6D}.Template|Win32.ActiveCfg = Release|Win32
		{D5F3ED02-3478-2047-83D1-1133AE50FA6D}.Template|Win32.Build.0 = Release|Win32
		{D5F3ED02-3478-2047-83D1-1133AE50FA6D}.Template|x64.ActiveCfg = Release|Win32
		{66379AE3-B04D-2A19-7ADB-57343610DD2B}.Debug Multithreaded|Win32.ActiveCfg = DLL Release|Win32
		{66379AE3-B04D-2A19-7ADB-57343610DD2B}.Debug Multithreaded|Win32.Build.0 = DLL Release|Win32
		{66379AE3-B04D-2A19-7ADB-57343610DD2B}.Debug Multithreaded|x64.ActiveCfg = DLL Release|Win32
		{66379AE3-B04D-2A19-7ADB-57343610DD2B}.Debug Singlethreaded|Win32.ActiveCfg = DLL Release|Win32
		{66379AE3-B04D-2A19-7ADB-57343610DD2B}.Debug Singlethreaded|Win32.Build.0 = DLL Release|Win32
		{66379AE3-B04D-2A19-7ADB-57343610DD2B}.Debug Singlethreaded|x64.ActiveCfg = DLL Release|Win32
		{66379AE3-B04D-2A19-7ADB-57343610DD2B}.Debug_Static|Win32.ActiveCfg = DLL Release|Win32
		{66379AE3-B04D-2A19-7ADB-57343610DD2B}.Debug_Static|Win32.Build.0 = DLL Release|Win32
		{66379AE3-B04D-2A19-7ADB-57343610DD2B}.Debug_Static|x64.ActiveCfg = DLL Release|Win32
		{66379AE3-B04D-2A19-7ADB-57343610DD2B}.Debug|Win32.ActiveCfg = LIB Debug|Win32
		{66379AE3-B04D-2A19-7ADB-57343610DD2B}.Debug|Win32.Build.0 = LIB Debug|Win32
		{66379AE3-B04D-2A19-7ADB-57343610DD2B}.Debug|x64.ActiveCfg = DLL Release|Win32
		{66379AE3-B04D-2A19-7ADB-57343610DD2B}.DLL ASM Debug|Win32.ActiveCfg = DLL ASM Debug|Win32
		{66379AE3-B04D-2A19-7ADB-57343610DD2B}.DLL ASM Debug|Win32.Build.0 = DLL ASM Debug|Win32
		{66379AE3-B04D-2A19-7ADB-57343610DD2B}.DLL ASM Debug|x64.ActiveCfg = DLL ASM Debug|Win32
		{66379AE3-B04D-2A19-7ADB-57343610DD2B}.DLL ASM Release|Win32.ActiveCfg = DLL ASM Release|Win32
		{66379AE3-B04D-2A19-7ADB-57343610DD2B}.DLL ASM Release|Win32.Build.0 = DLL ASM Release|Win32
		{66379AE3-B04D-2A19-7ADB-57343610DD2B}.DLL ASM Release|x64.ActiveCfg = DLL ASM Release|Win32
		{66379AE3-B04D-2A19-7ADB-57343610DD2B}.DLL Debug|Win32.ActiveCfg = DLL Debug|Win32
		{66379AE3-B04D-2A19-7ADB-57343610DD2B}.DLL Debug|Win32.Build.0 = DLL Debug|Win32
		{66379AE3-B04D-2A19-7ADB-57343610DD2B}.DLL Debug|x64.ActiveCfg = DLL Debug|Win32
		{66379AE3-B04D-2A19-7ADB-57343610DD2B}.DLL Release|Win32.ActiveCfg = DLL Release|Win32
		{66379AE3-B04D-2A19-7ADB-57343610DD2B}.DLL Release|Win32.Build.0 = DLL Release|Win32
		{66379AE3-B04D-2A19-7ADB-57343610DD2B}.DLL Release|x64.ActiveCfg = DLL Release|Win32
		{66379AE3-B04D-2A19-7ADB-57343610DD2B}.LIB ASM Debug|Win32.ActiveCfg = LIB ASM Debug|Win32
		{66379AE3-B04D-2A19-7ADB-57343610DD2B}.LIB ASM Debug|Win32.Build.0 = LIB ASM Debug|Win32
		{66379AE3-B04D-2A19-7ADB-57343610DD2B}.LIB ASM Debug|x64.ActiveCfg = LIB ASM Debug|Win32
		{66379AE3-B04D-2A19-7ADB-57343610DD2B}.LIB ASM Release|Win32.ActiveCfg = LIB ASM Release|Win32
		{66379AE3-B04D-2A19-7ADB-57343610DD2B}.LIB ASM Release|Win32.Build.0 = LIB ASM Release|Win32
		{66379AE3-B04D-2A19-7ADB-57343610DD2B}.LIB ASM Release|x64.ActiveCfg = LIB ASM Release|Win32
		{66379AE3-B04D-2A19-7ADB-57343610DD2B}.LIB Debug|Win32.ActiveCfg = LIB Debug|Win32
		{66379AE3-B04D-2A19-7ADB-57343610DD2B}.LIB Debug|Win32.Build.0 = LIB Debug|Win32
		{66379AE3-B04D-2A19-7ADB-57343610DD2B}.LIB Debug|x64.ActiveCfg = LIB Debug|Win32
		{66379AE3-B04D-2A19-7ADB-57343610DD2B}.LIB Release|Win32.ActiveCfg = LIB Release|Win32
		{66379AE3-B04D-2A19-7ADB-57343610DD2B}.LIB Release|Win32.Build.0 = LIB Release|Win32
		{66379AE3-B04D-2A19-7ADB-57343610DD2B}.LIB Release|x64.ActiveCfg = LIB Release|Win32
		{66379AE3-B04D-2A19-7ADB-57343610DD2B}.Mixed|Win32.ActiveCfg = Template|Win32
		{66379AE3-B04D-2A19-7ADB-57343610DD2B}.Mixed|Win32.Build.0 = Template|Win32
		{66379AE3-B04D-2A19-7ADB-57343610DD2B}.Mixed|x64.ActiveCfg = Template|Win32
		{66379AE3-B04D-2A19-7ADB-57343610DD2B}.Release Multithreaded|Win32.ActiveCfg = Template|Win32
		{66379AE3-B04D-2A19-7ADB-57343610DD2B}.Release Multithreaded|Win32.Build.0 = Template|Win32
		{66379AE3-B04D-2A19-7ADB-57343610DD2B}.Release Multithreaded|x64.ActiveCfg = Template|Win32
		{66379AE3-B04D-2A19-7ADB-57343610DD2B}.Release Singlethreaded|Win32.ActiveCfg = Template|Win32
		{66379AE3-B04D-2A19-7ADB-57343610DD2B}.Release Singlethreaded|Win32.Build.0 = Template|Win32
		{66379AE3-B04D-2A19-7ADB-57343610DD2B}.Release Singlethreaded|x64.ActiveCfg = Template|Win32
		{66379AE3-B04D-2A19-7ADB-57343610DD2B}.Release_Static|Win32.ActiveCfg = Template|Win32
		{66379AE3-B04D-2A19-7ADB-57343610DD2B}.Release_Static|Win32.Build.0 = Template|Win32
		{66379AE3-B04D-2A19-7ADB-57343610DD2B}.Release_Static|x64.ActiveCfg = Template|Win32
		{66379AE3-B04D-2A19-7ADB-57343610DD2B}.Release|Win32.ActiveCfg = LIB Release|Win32
		{66379AE3-B04D-2A19-7ADB-57343610DD2B}.Release|Win32.Build.0 = LIB Release|Win32
		{66379AE3-B04D-2A19-7ADB-57343610DD2B}.Release|x64.ActiveCfg = Template|Win32
		{66379AE3-B04D-2A19-7ADB-57343610DD2B}.ReleaseWithSymbols|Win32.ActiveCfg = Template|Win32
		{66379AE3-B04D-2A19-7ADB-57343610DD2B}.ReleaseWithSymbols|Win32.Build.0 = Template|Win32
		{66379AE3-B04D-2A19-7ADB-57343610DD2B}.ReleaseWithSymbols|x64.ActiveCfg = Template|Win32
		{66379AE3-B04D-2A19-7ADB-57343610DD2B}.Template|Win32.ActiveCfg = Template|Win32
		{66379AE3-B04D-2A19-7ADB-57343610DD2B}.Template|Win32.Build.0 = Template|Win32
		{66379AE3-B04D-2A19-7ADB-57343610DD2B}.Template|x64.ActiveCfg = Template|Win32
		{3585B99B-15E9-5451-8BCA-96B403703D3D}.Debug Multithreaded|Win32.ActiveCfg = Debug|Win32
		{3585B99B-15E9-5451-8BCA-96B403703D3D}.Debug Multithreaded|Win32.Build.0 = Debug|Win32
		{3585B99B-15E9-5451-8BCA-96B403703D3D}.Debug Multithreaded|x64.ActiveCfg = Debug|Win32
		{3585B99B-15E9-5451-8BCA-96B403703D3D}.Debug Singlethreaded|Win32.ActiveCfg = Debug|Win32
		{3585B99B-15E9-5451-8BCA-96B403703D3D}.Debug Singlethreaded|Win32.Build.0 = Debug|Win32
		{3585B99B-15E9-5451-8BCA-96B403703D3D}.Debug Singlethreaded|x64.ActiveCfg = Debug|Win32
		{3585B99B-15E9-5451-8BCA-96B403703D3D}.Debug_Static|Win32.ActiveCfg = Debug|Win32
		{3585B99B-15E9-5451-8BCA-96B403703D3D}.Debug_Static|Win32.Build.0 = Debug|Win32
		{3585B99B-15E9-5451-8BCA-96B403703D3D}.Debug_Static|x64.ActiveCfg = Debug|Win32
		{3585B99B-15E9-5451-8BCA-96B403703D3D}.Debug|Win32.ActiveCfg = Debug|Win32
		{3585B99B-15E9-5451-8BCA-96B403703D3D}.Debug|Win32.Build.0 = Debug|Win32
		{3585B99B-15E9-5451-8BCA-96B403703D3D}.Debug|x64.ActiveCfg = Debug|Win32
		{3585B99B-15E9-5451-8BCA-96B403703D3D}.DLL ASM Debug|Win32.ActiveCfg = Debug|Win32
		{3585B99B-15E9-5451-8BCA-96B403703D3D}.DLL ASM Debug|Win32.Build.0 = Debug|Win32
		{3585B99B-15E9-5451-8BCA-96B403703D3D}.DLL ASM Debug|x64.ActiveCfg = Debug|Win32
		{3585B99B-15E9-5451-8BCA-96B403703D3D}.DLL ASM Release|Win32.ActiveCfg = Release|Win32
		{3585B99B-15E9-5451-8BCA-96B403703D3D}.DLL ASM Release|Win32.Build.0 = Release|Win32
		{3585B99B-15E9-5451-8BCA-96B403703D3D}.DLL ASM Release|x64.ActiveCfg = Release|Win32
		{3585B99B-15E9-5451-8BCA-96B403703D3D}.DLL Debug|Win32.ActiveCfg = Debug|Win32
		{3585B99B-15E9-5451-8BCA-96B403703D3D}.DLL Debug|Win32.Build.0 = Debug|Win32
		{3585B99B-15E9-5451-8BCA-96B403703D3D}.DLL Debug|x64.ActiveCfg = Debug|Win32
		{3585B99B-15E9-5451-8BCA-96B403703D3D}.DLL Release|Win32.ActiveCfg = Release|Win32
		{3585B99B-15E9-5451-8BCA-96B403703D3D}.DLL Release|Win32.Build.0 = Release|Win32
		{3585B99B-15E9-5451-8BCA-96B403703D3D}.DLL Release|x64.ActiveCfg = Release|Win32
		{3585B99B-15E9-5451-8BCA-96B403703D3D}.LIB ASM Debug|Win32.ActiveCfg = Debug|Win32
		{3585B99B-15E9-5451-8BCA-96B403703D3D}.LIB ASM Debug|Win32.Build.0 = Debug|Win32
		{3585B99B-15E9-5451-8BCA-96B403703D3D}.LIB ASM Debug|x64.ActiveCfg = Debug|Win32
		{3585B99B-15E9-5451-8BCA-96B403703D3D}.LIB ASM Release|Win32.ActiveCfg = Release|Win32
		{3585B99B-15E9-5451-8BCA-96B403703D3D}.LIB ASM Release|Win32.Build.0 = Release|Win32
		{3585B99B-15E9-5451-8BCA-96B403703D3D}.LIB ASM Release|x64.ActiveCfg = Release|Win32
		{3585B99B-15E9-5451-8BCA-96B403703D3D}.LIB Debug|Win32.ActiveCfg = Debug|Win32
		{3585B99B-15E9-5451-8BCA-96B403703D3D}.LIB Debug|Win32.Build.0 = Debug|Win32
		{3585B99B-15E9-5451-8BCA-96B403703D3D}.LIB Debug|x64.ActiveCfg = Debug|Win32
		{3585B99B-15E9-5451-8BCA-96B403703D3D}.LIB Release|Win32.ActiveCfg = Release|Win32
		{3585B99B-15E9-5451-8BCA-96B403703D3D}.LIB Release|Win32.Build.0 = Release|Win32
		{3585B99B-15E9-5451-8BCA-96B403703D3D}.LIB Release|x64.ActiveCfg = Release|Win32
		{3585B99B-15E9-5451-8BCA-96B403703D3D}.Mixed|Win32.ActiveCfg = Template|Win32
		{3585B99B-15E9-5451-8BCA-96B403703D3D}.Mixed|Win32.Build.0 = Template|Win32
		{3585B99B-15E9-5451-8BCA-96B403703D3D}.Mixed|x64.ActiveCfg = Template|Win32
		{3585B99B-15E9-5451-8BCA-96B403703D3D}.Release Multithreaded|Win32.ActiveCfg = Release|Win32
		{3585B99B-15E9-5451-8BCA-96B403703D3D}.Release Multithreaded|Win32.Build.0 = Release|Win32
		{3585B99B-15E9-5451-8BCA-96B403703D3D}.Release Multithreaded|x64.ActiveCfg = Release|Win32
		{3585B99B-15E9-5451-8BCA-96B403703D3D}.Release Singlethreaded|Win32.ActiveCfg = Release|Win32
		{3585B99B-15E9-5451-8BCA-96B403703D3D}.Release Singlethreaded|Win32.Build.0 = Release|Win32
		{3585B99B-15E9-5451-8BCA-96B403703D3D}.Release Singlethreaded|x64.ActiveCfg = Release|Win32
		{3585B99B-15E9-5451-8BCA-96B403703D3D}.Release_Static|Win32.ActiveCfg = Release|Win32
		{3585B99B-15E9-5451-8BCA-96B403703D3D}.Release_Static|Win32.Build.0 = Release|Win32
		{3585B99B-15E9-5451-8BCA-96B403703D3D}.Release_Static|x64.ActiveCfg = Release|Win32
		{3585B99B-15E9-5451-8BCA-96B403703D3D}.Release|Win32.ActiveCfg = Release|Win32
		{3585B99B-15E9-5451-8BCA-96B403703D3D}.Release|Win32.Build.0 = Release|Win32
		{3585B99B-15E9-5451-8BCA-96B403703D3D}.Release|x64.ActiveCfg = Release|Win32
		{3585B99B-15E9-5451-8BCA-96B403703D3D}.ReleaseWithSymbols|Win32.ActiveCfg = Release|Win32
		{3585B99B-15E9-5451-8BCA-96B403703D3D}.ReleaseWithSymbols|Win32.Build.0 = Release|Win32
		{3585B99B-15E9-5451-8BCA-96B403703D3D}.ReleaseWithSymbols|x64.ActiveCfg = Release|Win32
		{3585B99B-15E9-5451-8BCA-96B403703D3D}.Template|Win32.ActiveCfg = Template|Win32
		{3585B99B-15E9-5451-8BCA-96B403703D3D}.Template|Win32.Build.0 = Template|Win32
		{3585B99B-15E9-5451-8BCA-96B403703D3D}.Template|x64.ActiveCfg = Template|Win32
	EndGlobalSection
	GlobalSection(SolutionProperties) = preSolution
		HideSolutionNode = FALSE
	EndGlobalSection
EndGlobal
